// !$*UTF8*$!
{
	archiveVersion = 1;
	classes = {
	};
	objectVersion = 77;
	objects = {

/* Begin PBXBuildFile section */
		89814CB72D3A20A400BFFF53 /* Domain.framework in Frameworks */ = {isa = PBXBuildFile; fileRef = 89814CB62D3A20A400BFFF53 /* Domain.framework */; };
		89814CB82D3A20A400BFFF53 /* Domain.framework in Embed Frameworks */ = {isa = PBXBuildFile; fileRef = 89814CB62D3A20A400BFFF53 /* Domain.framework */; settings = {ATTRIBUTES = (CodeSignOnCopy, RemoveHeadersOnCopy, ); }; };
		89814CBA2D3A20A800BFFF53 /* Model.framework in Frameworks */ = {isa = PBXBuildFile; fileRef = 89814CB92D3A20A800BFFF53 /* Model.framework */; };
		89814CBB2D3A20A800BFFF53 /* Model.framework in Embed Frameworks */ = {isa = PBXBuildFile; fileRef = 89814CB92D3A20A800BFFF53 /* Model.framework */; settings = {ATTRIBUTES = (CodeSignOnCopy, RemoveHeadersOnCopy, ); }; };
		89814CBD2D3A20AB00BFFF53 /* Design.framework in Frameworks */ = {isa = PBXBuildFile; fileRef = 89814CBC2D3A20AB00BFFF53 /* Design.framework */; };
		89814CBE2D3A20AB00BFFF53 /* Design.framework in Embed Frameworks */ = {isa = PBXBuildFile; fileRef = 89814CBC2D3A20AB00BFFF53 /* Design.framework */; settings = {ATTRIBUTES = (CodeSignOnCopy, RemoveHeadersOnCopy, ); }; };
		C89DBEDE37A46470924F4310 /* Pods_SharedPods_NewsPaper.framework in Frameworks */ = {isa = PBXBuildFile; fileRef = 28FD5CEE46F121DE4F656CCD /* Pods_SharedPods_NewsPaper.framework */; };
/* End PBXBuildFile section */

/* Begin PBXCopyFilesBuildPhase section */
		89814A272D3A165D00BFFF53 /* Embed Frameworks */ = {
			isa = PBXCopyFilesBuildPhase;
			buildActionMask = 2147483647;
			dstPath = "";
			dstSubfolderSpec = 10;
			files = (
				89814CBB2D3A20A800BFFF53 /* Model.framework in Embed Frameworks */,
				89814CB82D3A20A400BFFF53 /* Domain.framework in Embed Frameworks */,
				89814CBE2D3A20AB00BFFF53 /* Design.framework in Embed Frameworks */,
			);
			name = "Embed Frameworks";
			runOnlyForDeploymentPostprocessing = 0;
		};
/* End PBXCopyFilesBuildPhase section */

/* Begin PBXFileReference section */
		28FD5CEE46F121DE4F656CCD /* Pods_SharedPods_NewsPaper.framework */ = {isa = PBXFileReference; explicitFileType = wrapper.framework; includeInIndex = 0; path = Pods_SharedPods_NewsPaper.framework; sourceTree = BUILT_PRODUCTS_DIR; };
		89814CB62D3A20A400BFFF53 /* Domain.framework */ = {isa = PBXFileReference; explicitFileType = wrapper.framework; path = Domain.framework; sourceTree = BUILT_PRODUCTS_DIR; };
		89814CB92D3A20A800BFFF53 /* Model.framework */ = {isa = PBXFileReference; explicitFileType = wrapper.framework; path = Model.framework; sourceTree = BUILT_PRODUCTS_DIR; };
		89814CBC2D3A20AB00BFFF53 /* Design.framework */ = {isa = PBXFileReference; explicitFileType = wrapper.framework; path = Design.framework; sourceTree = BUILT_PRODUCTS_DIR; };
		89ED79A12D3A105E00A391CF /* NewsPaper.app */ = {isa = PBXFileReference; explicitFileType = wrapper.application; includeInIndex = 0; path = NewsPaper.app; sourceTree = BUILT_PRODUCTS_DIR; };
		8C5B5DA534ABFE74F5F956F3 /* Pods-SharedPods-NewsPaper.release.xcconfig */ = {isa = PBXFileReference; includeInIndex = 1; lastKnownFileType = text.xcconfig; name = "Pods-SharedPods-NewsPaper.release.xcconfig"; path = "Target Support Files/Pods-SharedPods-NewsPaper/Pods-SharedPods-NewsPaper.release.xcconfig"; sourceTree = "<group>"; };
		BF4F029ACF30CE50C952B288 /* Pods-SharedPods-NewsPaper.debug.xcconfig */ = {isa = PBXFileReference; includeInIndex = 1; lastKnownFileType = text.xcconfig; name = "Pods-SharedPods-NewsPaper.debug.xcconfig"; path = "Target Support Files/Pods-SharedPods-NewsPaper/Pods-SharedPods-NewsPaper.debug.xcconfig"; sourceTree = "<group>"; };
/* End PBXFileReference section */

/* Begin PBXFileSystemSynchronizedRootGroup section */
		89ED79A32D3A105E00A391CF /* NewsPaper */ = {
			isa = PBXFileSystemSynchronizedRootGroup;
			path = NewsPaper;
			sourceTree = "<group>";
		};
/* End PBXFileSystemSynchronizedRootGroup section */

/* Begin PBXFrameworksBuildPhase section */
		89ED799E2D3A105E00A391CF /* Frameworks */ = {
			isa = PBXFrameworksBuildPhase;
			buildActionMask = 2147483647;
			files = (
				89814CB72D3A20A400BFFF53 /* Domain.framework in Frameworks */,
				89814CBA2D3A20A800BFFF53 /* Model.framework in Frameworks */,
				89814CBD2D3A20AB00BFFF53 /* Design.framework in Frameworks */,
				C89DBEDE37A46470924F4310 /* Pods_SharedPods_NewsPaper.framework in Frameworks */,
			);
			runOnlyForDeploymentPostprocessing = 0;
		};
/* End PBXFrameworksBuildPhase section */

/* Begin PBXGroup section */
		89814A232D3A165D00BFFF53 /* Frameworks */ = {
			isa = PBXGroup;
			children = (
				89814CBC2D3A20AB00BFFF53 /* Design.framework */,
				89814CB92D3A20A800BFFF53 /* Model.framework */,
				89814CB62D3A20A400BFFF53 /* Domain.framework */,
				28FD5CEE46F121DE4F656CCD /* Pods_SharedPods_NewsPaper.framework */,
			);
			name = Frameworks;
			sourceTree = "<group>";
		};
		89ED79982D3A105E00A391CF = {
			isa = PBXGroup;
			children = (
				89ED79A32D3A105E00A391CF /* NewsPaper */,
				89814A232D3A165D00BFFF53 /* Frameworks */,
				89ED79A22D3A105E00A391CF /* Products */,
				D2921F0C5CB9F523C0BD74FD /* Pods */,
			);
			sourceTree = "<group>";
		};
		89ED79A22D3A105E00A391CF /* Products */ = {
			isa = PBXGroup;
			children = (
				89ED79A12D3A105E00A391CF /* NewsPaper.app */,
			);
			name = Products;
			sourceTree = "<group>";
		};
		D2921F0C5CB9F523C0BD74FD /* Pods */ = {
			isa = PBXGroup;
			children = (
				BF4F029ACF30CE50C952B288 /* Pods-SharedPods-NewsPaper.debug.xcconfig */,
				8C5B5DA534ABFE74F5F956F3 /* Pods-SharedPods-NewsPaper.release.xcconfig */,
			);
			path = Pods;
			sourceTree = "<group>";
		};
/* End PBXGroup section */

/* Begin PBXNativeTarget section */
		89ED79A02D3A105E00A391CF /* NewsPaper */ = {
			isa = PBXNativeTarget;
			buildConfigurationList = 89ED79AF2D3A105F00A391CF /* Build configuration list for PBXNativeTarget "NewsPaper" */;
			buildPhases = (
				04EEEC14FF0CB958912642F1 /* [CP] Check Pods Manifest.lock */,
				89ED799D2D3A105E00A391CF /* Sources */,
				89ED799E2D3A105E00A391CF /* Frameworks */,
				89ED799F2D3A105E00A391CF /* Resources */,
				89814A272D3A165D00BFFF53 /* Embed Frameworks */,
			);
			buildRules = (
			);
			dependencies = (
			);
			fileSystemSynchronizedGroups = (
				89ED79A32D3A105E00A391CF /* NewsPaper */,
			);
			name = NewsPaper;
			productName = NewsPaper;
			productReference = 89ED79A12D3A105E00A391CF /* NewsPaper.app */;
			productType = "com.apple.product-type.application";
		};
/* End PBXNativeTarget section */

/* Begin PBXProject section */
		89ED79992D3A105E00A391CF /* Project object */ = {
			isa = PBXProject;
			attributes = {
				BuildIndependentTargetsInParallel = 1;
				LastSwiftUpdateCheck = 1620;
				LastUpgradeCheck = 1620;
				TargetAttributes = {
					89ED79A02D3A105E00A391CF = {
						CreatedOnToolsVersion = 16.2;
					};
				};
			};
			buildConfigurationList = 89ED799C2D3A105E00A391CF /* Build configuration list for PBXProject "NewsPaper" */;
			developmentRegion = en;
			hasScannedForEncodings = 0;
			knownRegions = (
				en,
				Base,
			);
			mainGroup = 89ED79982D3A105E00A391CF;
			minimizedProjectReferenceProxies = 1;
			preferredProjectObjectVersion = 77;
			productRefGroup = 89ED79A22D3A105E00A391CF /* Products */;
			projectDirPath = "";
			projectRoot = "";
			targets = (
				89ED79A02D3A105E00A391CF /* NewsPaper */,
			);
		};
/* End PBXProject section */

/* Begin PBXResourcesBuildPhase section */
		89ED799F2D3A105E00A391CF /* Resources */ = {
			isa = PBXResourcesBuildPhase;
			buildActionMask = 2147483647;
			files = (
			);
			runOnlyForDeploymentPostprocessing = 0;
		};
/* End PBXResourcesBuildPhase section */

/* Begin PBXShellScriptBuildPhase section */
		04EEEC14FF0CB958912642F1 /* [CP] Check Pods Manifest.lock */ = {
			isa = PBXShellScriptBuildPhase;
			buildActionMask = 2147483647;
			files = (
			);
			inputFileListPaths = (
			);
			inputPaths = (
				"${PODS_PODFILE_DIR_PATH}/Podfile.lock",
				"${PODS_ROOT}/Manifest.lock",
			);
			name = "[CP] Check Pods Manifest.lock";
			outputFileListPaths = (
			);
			outputPaths = (
				"$(DERIVED_FILE_DIR)/Pods-SharedPods-NewsPaper-checkManifestLockResult.txt",
			);
			runOnlyForDeploymentPostprocessing = 0;
			shellPath = /bin/sh;
			shellScript = "diff \"${PODS_PODFILE_DIR_PATH}/Podfile.lock\" \"${PODS_ROOT}/Manifest.lock\" > /dev/null\nif [ $? != 0 ] ; then\n    # print error to STDERR\n    echo \"error: The sandbox is not in sync with the Podfile.lock. Run 'pod install' or update your CocoaPods installation.\" >&2\n    exit 1\nfi\n# This output is used by Xcode 'outputs' to avoid re-running this script phase.\necho \"SUCCESS\" > \"${SCRIPT_OUTPUT_FILE_0}\"\n";
			showEnvVarsInLog = 0;
		};
/* End PBXShellScriptBuildPhase section */

/* Begin PBXSourcesBuildPhase section */
		89ED799D2D3A105E00A391CF /* Sources */ = {
			isa = PBXSourcesBuildPhase;
			buildActionMask = 2147483647;
			files = (
			);
			runOnlyForDeploymentPostprocessing = 0;
		};
/* End PBXSourcesBuildPhase section */

/* Begin XCBuildConfiguration section */
		89ED79AD2D3A105F00A391CF /* Debug */ = {
			isa = XCBuildConfiguration;
			buildSettings = {
				ALWAYS_SEARCH_USER_PATHS = NO;
				ASSETCATALOG_COMPILER_GENERATE_SWIFT_ASSET_SYMBOL_EXTENSIONS = YES;
				CLANG_ANALYZER_NONNULL = YES;
				CLANG_ANALYZER_NUMBER_OBJECT_CONVERSION = YES_AGGRESSIVE;
				CLANG_CXX_LANGUAGE_STANDARD = "gnu++20";
				CLANG_ENABLE_MODULES = YES;
				CLANG_ENABLE_OBJC_ARC = YES;
				CLANG_ENABLE_OBJC_WEAK = YES;
				CLANG_WARN_BLOCK_CAPTURE_AUTORELEASING = YES;
				CLANG_WARN_BOOL_CONVERSION = YES;
				CLANG_WARN_COMMA = YES;
				CLANG_WARN_CONSTANT_CONVERSION = YES;
				CLANG_WARN_DEPRECATED_OBJC_IMPLEMENTATIONS = YES;
				CLANG_WARN_DIRECT_OBJC_ISA_USAGE = YES_ERROR;
				CLANG_WARN_DOCUMENTATION_COMMENTS = YES;
				CLANG_WARN_EMPTY_BODY = YES;
				CLANG_WARN_ENUM_CONVERSION = YES;
				CLANG_WARN_INFINITE_RECURSION = YES;
				CLANG_WARN_INT_CONVERSION = YES;
				CLANG_WARN_NON_LITERAL_NULL_CONVERSION = YES;
				CLANG_WARN_OBJC_IMPLICIT_RETAIN_SELF = YES;
				CLANG_WARN_OBJC_LITERAL_CONVERSION = YES;
				CLANG_WARN_OBJC_ROOT_CLASS = YES_ERROR;
				CLANG_WARN_QUOTED_INCLUDE_IN_FRAMEWORK_HEADER = YES;
				CLANG_WARN_RANGE_LOOP_ANALYSIS = YES;
				CLANG_WARN_STRICT_PROTOTYPES = YES;
				CLANG_WARN_SUSPICIOUS_MOVE = YES;
				CLANG_WARN_UNGUARDED_AVAILABILITY = YES_AGGRESSIVE;
				CLANG_WARN_UNREACHABLE_CODE = YES;
				CLANG_WARN__DUPLICATE_METHOD_MATCH = YES;
				COPY_PHASE_STRIP = NO;
				DEBUG_INFORMATION_FORMAT = dwarf;
				ENABLE_STRICT_OBJC_MSGSEND = YES;
				ENABLE_TESTABILITY = YES;
				ENABLE_USER_SCRIPT_SANDBOXING = YES;
				GCC_C_LANGUAGE_STANDARD = gnu17;
				GCC_DYNAMIC_NO_PIC = NO;
				GCC_NO_COMMON_BLOCKS = YES;
				GCC_OPTIMIZATION_LEVEL = 0;
				GCC_PREPROCESSOR_DEFINITIONS = (
					"DEBUG=1",
					"$(inherited)",
				);
				GCC_WARN_64_TO_32_BIT_CONVERSION = YES;
				GCC_WARN_ABOUT_RETURN_TYPE = YES_ERROR;
				GCC_WARN_UNDECLARED_SELECTOR = YES;
				GCC_WARN_UNINITIALIZED_AUTOS = YES_AGGRESSIVE;
				GCC_WARN_UNUSED_FUNCTION = YES;
				GCC_WARN_UNUSED_VARIABLE = YES;
				IPHONEOS_DEPLOYMENT_TARGET = 18.2;
				LOCALIZATION_PREFERS_STRING_CATALOGS = YES;
				MTL_ENABLE_DEBUG_INFO = INCLUDE_SOURCE;
				MTL_FAST_MATH = YES;
				ONLY_ACTIVE_ARCH = YES;
				SDKROOT = iphoneos;
				SWIFT_ACTIVE_COMPILATION_CONDITIONS = "DEBUG $(inherited)";
				SWIFT_OPTIMIZATION_LEVEL = "-Onone";
			};
			name = Debug;
		};
		89ED79AE2D3A105F00A391CF /* Release */ = {
			isa = XCBuildConfiguration;
			buildSettings = {
				ALWAYS_SEARCH_USER_PATHS = NO;
				ASSETCATALOG_COMPILER_GENERATE_SWIFT_ASSET_SYMBOL_EXTENSIONS = YES;
				CLANG_ANALYZER_NONNULL = YES;
				CLANG_ANALYZER_NUMBER_OBJECT_CONVERSION = YES_AGGRESSIVE;
				CLANG_CXX_LANGUAGE_STANDARD = "gnu++20";
				CLANG_ENABLE_MODULES = YES;
				CLANG_ENABLE_OBJC_ARC = YES;
				CLANG_ENABLE_OBJC_WEAK = YES;
				CLANG_WARN_BLOCK_CAPTURE_AUTORELEASING = YES;
				CLANG_WARN_BOOL_CONVERSION = YES;
				CLANG_WARN_COMMA = YES;
				CLANG_WARN_CONSTANT_CONVERSION = YES;
				CLANG_WARN_DEPRECATED_OBJC_IMPLEMENTATIONS = YES;
				CLANG_WARN_DIRECT_OBJC_ISA_USAGE = YES_ERROR;
				CLANG_WARN_DOCUMENTATION_COMMENTS = YES;
				CLANG_WARN_EMPTY_BODY = YES;
				CLANG_WARN_ENUM_CONVERSION = YES;
				CLANG_WARN_INFINITE_RECURSION = YES;
				CLANG_WARN_INT_CONVERSION = YES;
				CLANG_WARN_NON_LITERAL_NULL_CONVERSION = YES;
				CLANG_WARN_OBJC_IMPLICIT_RETAIN_SELF = YES;
				CLANG_WARN_OBJC_LITERAL_CONVERSION = YES;
				CLANG_WARN_OBJC_ROOT_CLASS = YES_ERROR;
				CLANG_WARN_QUOTED_INCLUDE_IN_FRAMEWORK_HEADER = YES;
				CLANG_WARN_RANGE_LOOP_ANALYSIS = YES;
				CLANG_WARN_STRICT_PROTOTYPES = YES;
				CLANG_WARN_SUSPICIOUS_MOVE = YES;
				CLANG_WARN_UNGUARDED_AVAILABILITY = YES_AGGRESSIVE;
				CLANG_WARN_UNREACHABLE_CODE = YES;
				CLANG_WARN__DUPLICATE_METHOD_MATCH = YES;
				COPY_PHASE_STRIP = NO;
				DEBUG_INFORMATION_FORMAT = "dwarf-with-dsym";
				ENABLE_NS_ASSERTIONS = NO;
				ENABLE_STRICT_OBJC_MSGSEND = YES;
				ENABLE_USER_SCRIPT_SANDBOXING = YES;
				GCC_C_LANGUAGE_STANDARD = gnu17;
				GCC_NO_COMMON_BLOCKS = YES;
				GCC_WARN_64_TO_32_BIT_CONVERSION = YES;
				GCC_WARN_ABOUT_RETURN_TYPE = YES_ERROR;
				GCC_WARN_UNDECLARED_SELECTOR = YES;
				GCC_WARN_UNINITIALIZED_AUTOS = YES_AGGRESSIVE;
				GCC_WARN_UNUSED_FUNCTION = YES;
				GCC_WARN_UNUSED_VARIABLE = YES;
				IPHONEOS_DEPLOYMENT_TARGET = 18.2;
				LOCALIZATION_PREFERS_STRING_CATALOGS = YES;
				MTL_ENABLE_DEBUG_INFO = NO;
				MTL_FAST_MATH = YES;
				SDKROOT = iphoneos;
				SWIFT_COMPILATION_MODE = wholemodule;
				VALIDATE_PRODUCT = YES;
			};
			name = Release;
		};
		89ED79B02D3A105F00A391CF /* Debug */ = {
			isa = XCBuildConfiguration;
			baseConfigurationReference = BF4F029ACF30CE50C952B288 /* Pods-SharedPods-NewsPaper.debug.xcconfig */;
			buildSettings = {
				ASSETCATALOG_COMPILER_APPICON_NAME = AppIcon;
				ASSETCATALOG_COMPILER_GLOBAL_ACCENT_COLOR_NAME = AccentColor;
				CODE_SIGN_STYLE = Automatic;
				CURRENT_PROJECT_VERSION = 1;
				DEVELOPMENT_ASSET_PATHS = "\"NewsPaper/Preview Content\"";
				ENABLE_PREVIEWS = YES;
				GENERATE_INFOPLIST_FILE = YES;
				INFOPLIST_KEY_UIApplicationSceneManifest_Generation = YES;
				INFOPLIST_KEY_UIApplicationSupportsIndirectInputEvents = YES;
				INFOPLIST_KEY_UILaunchScreen_Generation = YES;
				INFOPLIST_KEY_UISupportedInterfaceOrientations_iPad = "UIInterfaceOrientationPortrait UIInterfaceOrientationPortraitUpsideDown UIInterfaceOrientationLandscapeLeft UIInterfaceOrientationLandscapeRight";
				INFOPLIST_KEY_UISupportedInterfaceOrientations_iPhone = "UIInterfaceOrientationPortrait UIInterfaceOrientationLandscapeLeft UIInterfaceOrientationLandscapeRight";
				LD_RUNPATH_SEARCH_PATHS = (
					"$(inherited)",
					"@executable_path/Frameworks",
				);
				MARKETING_VERSION = 1.0;
				PRODUCT_BUNDLE_IDENTIFIER = pe.com.rpalatam.NewsPaper;
				PRODUCT_NAME = "$(TARGET_NAME)";
				SWIFT_EMIT_LOC_STRINGS = YES;
				SWIFT_VERSION = 5.0;
				TARGETED_DEVICE_FAMILY = "1,2";
			};
			name = Debug;
		};
		89ED79B12D3A105F00A391CF /* Release */ = {
			isa = XCBuildConfiguration;
			baseConfigurationReference = 8C5B5DA534ABFE74F5F956F3 /* Pods-SharedPods-NewsPaper.release.xcconfig */;
			buildSettings = {
				ASSETCATALOG_COMPILER_APPICON_NAME = AppIcon;
				ASSETCATALOG_COMPILER_GLOBAL_ACCENT_COLOR_NAME = AccentColor;
				CODE_SIGN_STYLE = Automatic;
				CURRENT_PROJECT_VERSION = 1;
				DEVELOPMENT_ASSET_PATHS = "\"NewsPaper/Preview Content\"";
				ENABLE_PREVIEWS = YES;
				GENERATE_INFOPLIST_FILE = YES;
				INFOPLIST_KEY_UIApplicationSceneManifest_Generation = YES;
				INFOPLIST_KEY_UIApplicationSupportsIndirectInputEvents = YES;
				INFOPLIST_KEY_UILaunchScreen_Generation = YES;
				INFOPLIST_KEY_UISupportedInterfaceOrientations_iPad = "UIInterfaceOrientationPortrait UIInterfaceOrientationPortraitUpsideDown UIInterfaceOrientationLandscapeLeft UIInterfaceOrientationLandscapeRight";
				INFOPLIST_KEY_UISupportedInterfaceOrientations_iPhone = "UIInterfaceOrientationPortrait UIInterfaceOrientationLandscapeLeft UIInterfaceOrientationLandscapeRight";
				LD_RUNPATH_SEARCH_PATHS = (
					"$(inherited)",
					"@executable_path/Frameworks",
				);
				MARKETING_VERSION = 1.0;
				PRODUCT_BUNDLE_IDENTIFIER = pe.com.rpalatam.NewsPaper;
				PRODUCT_NAME = "$(TARGET_NAME)";
				SWIFT_EMIT_LOC_STRINGS = YES;
				SWIFT_VERSION = 5.0;
				TARGETED_DEVICE_FAMILY = "1,2";
			};
			name = Release;
		};
/* End XCBuildConfiguration section */

/* Begin XCConfigurationList section */
		89ED799C2D3A105E00A391CF /* Build configuration list for PBXProject "NewsPaper" */ = {
			isa = XCConfigurationList;
			buildConfigurations = (
				89ED79AD2D3A105F00A391CF /* Debug */,
				89ED79AE2D3A105F00A391CF /* Release */,
			);
			defaultConfigurationIsVisible = 0;
			defaultConfigurationName = Release;
		};
		89ED79AF2D3A105F00A391CF /* Build configuration list for PBXNativeTarget "NewsPaper" */ = {
			isa = XCConfigurationList;
			buildConfigurations = (
				89ED79B02D3A105F00A391CF /* Debug */,
				89ED79B12D3A105F00A391CF /* Release */,
			);
			defaultConfigurationIsVisible = 0;
			defaultConfigurationName = Release;
		};
/* End XCConfigurationList section */
	};
	rootObject = 89ED79992D3A105E00A391CF /* Project object */;
}
